<?xml version="1.0" encoding="utf-8"?>
<Project ToolsVersion="4.0" xmlns="http://schemas.microsoft.com/developer/msbuild/2003">
  <ItemGroup>
    <ClCompile Include="src\Main.cpp" />
    <ClCompile Include="src\classes\DynamicArray.cpp" />
    <ClCompile Include="src\classes\SinglyLinkedList.cpp" />
    <ClCompile Include="src\classes\Stack.cpp" />
    <ClCompile Include="src\classes\Queue.cpp" />
    <ClCompile Include="src\classes\PriorityQueue.cpp" />
  </ItemGroup>
  <ItemGroup>
    <ClInclude Include="src\classes\DynamicArray.h" />
    <ClInclude Include="src\classes\SinglyLinkedList.h" />
    <ClInclude Include="src\classes\Stack.h" />
    <ClInclude Include="src\classes\Queue.h" />
    <ClInclude Include="src\classes\PriorityQueue.h" />
  </ItemGroup>
</Project>